
Microsoft Visual Studio Solution File, Format Version 12.00
# Visual Studio Version 17
VisualStudioVersion = 17.0.32112.339
MinimumVisualStudioVersion = 10.0.40219.1
Project("{9A19103F-16F7-4668-BE54-9A1E7A4F7556}") = "Jobs.Abstractions", "Jobs.Abstractions\Jobs.Abstractions.csproj", "{AC05F642-1EEF-4AB4-A297-B1D8C215E3A9}"
EndProject
Project("{2150E333-8FDC-42A3-9474-1A3956D46DE8}") = "Compatibility", "Compatibility", "{DCAE6CB6-5E15-4EDC-8FD4-124D5BA1FDC4}"
	ProjectSection(SolutionItems) = preProject
		Compatibility\IsExternalInit.cs = Compatibility\IsExternalInit.cs
	EndProjectSection
EndProject
Project("{9A19103F-16F7-4668-BE54-9A1E7A4F7556}") = "Jobs.Server", "Jobs.Server\Jobs.Server.csproj", "{6A680FC1-0B13-4564-AE22-40E9045E1D0B}"
EndProject
Project("{9A19103F-16F7-4668-BE54-9A1E7A4F7556}") = "Jobs.Fakes", "Jobs.Fakes\Jobs.Fakes.csproj", "{FC6136E0-FABD-44E4-AAF3-FF0D4270FB3F}"
EndProject
Global
	GlobalSection(SolutionConfigurationPlatforms) = preSolution
		Debug|Any CPU = Debug|Any CPU
		Release|Any CPU = Release|Any CPU
	EndGlobalSection
	GlobalSection(ProjectConfigurationPlatforms) = postSolution
		{AC05F642-1EEF-4AB4-A297-B1D8C215E3A9}.Debug|Any CPU.ActiveCfg = Debug|Any CPU
		{AC05F642-1EEF-4AB4-A297-B1D8C215E3A9}.Debug|Any CPU.Build.0 = Debug|Any CPU
		{AC05F642-1EEF-4AB4-A297-B1D8C215E3A9}.Release|Any CPU.ActiveCfg = Release|Any CPU
		{AC05F642-1EEF-4AB4-A297-B1D8C215E3A9}.Release|Any CPU.Build.0 = Release|Any CPU
		{6A680FC1-0B13-4564-AE22-40E9045E1D0B}.Debug|Any CPU.ActiveCfg = Debug|Any CPU
		{6A680FC1-0B13-4564-AE22-40E9045E1D0B}.Debug|Any CPU.Build.0 = Debug|Any CPU
		{6A680FC1-0B13-4564-AE22-40E9045E1D0B}.Release|Any CPU.ActiveCfg = Release|Any CPU
		{6A680FC1-0B13-4564-AE22-40E9045E1D0B}.Release|Any CPU.Build.0 = Release|Any CPU
		{FC6136E0-FABD-44E4-AAF3-FF0D4270FB3F}.Debug|Any CPU.ActiveCfg = Debug|Any CPU
		{FC6136E0-FABD-44E4-AAF3-FF0D4270FB3F}.Debug|Any CPU.Build.0 = Debug|Any CPU
		{FC6136E0-FABD-44E4-AAF3-FF0D4270FB3F}.Release|Any CPU.ActiveCfg = Release|Any CPU
		{FC6136E0-FABD-44E4-AAF3-FF0D4270FB3F}.Release|Any CPU.Build.0 = Release|Any CPU
	EndGlobalSection
	GlobalSection(SolutionProperties) = preSolution
		HideSolutionNode = FALSE
	EndGlobalSection
	GlobalSection(ExtensibilityGlobals) = postSolution
		SolutionGuid = {3367E6A6-8866-4577-9B92-77547E2EB57C}
	EndGlobalSection
EndGlobal
